
Microsoft Visual Studio Solution File, Format Version 12.00
# Visual Studio Version 16
VisualStudioVersion = 16.0.33328.57
MinimumVisualStudioVersion = 10.0.40219.1
Project("{FAE04EC0-301F-11D3-BF4B-00C04F79EFBC}") = "WebLoja", "WebLoja\WebLoja.csproj", "{C06B9E8A-FFAD-49EE-8F37-6C72C59C741B}"
EndProject
Global
	GlobalSection(SolutionConfigurationPlatforms) = preSolution
		Debug|Any CPU = Debug|Any CPU
		Release|Any CPU = Release|Any CPU
	EndGlobalSection
	GlobalSection(ProjectConfigurationPlatforms) = postSolution
		{C06B9E8A-FFAD-49EE-8F37-6C72C59C741B}.Debug|Any CPU.ActiveCfg = Debug|Any CPU
		{C06B9E8A-FFAD-49EE-8F37-6C72C59C741B}.Debug|Any CPU.Build.0 = Debug|Any CPU
		{C06B9E8A-FFAD-49EE-8F37-6C72C59C741B}.Release|Any CPU.ActiveCfg = Release|Any CPU
		{C06B9E8A-FFAD-49EE-8F37-6C72C59C741B}.Release|Any CPU.Build.0 = Release|Any CPU
	EndGlobalSection
	GlobalSection(SolutionProperties) = preSolution
		HideSolutionNode = FALSE
	EndGlobalSection
	GlobalSection(ExtensibilityGlobals) = postSolution
		SolutionGuid = {45EEB8B3-72E1-4C5C-A1D6-EA0424D5586E}
	EndGlobalSection
EndGlobal
